
Microsoft Visual Studio Solution File, Format Version 12.00
# Visual Studio Version 17
VisualStudioVersion = 17.2.32616.157
MinimumVisualStudioVersion = 10.0.40219.1
Project("{2150E333-8FDC-42A3-9474-1A3956D46DE8}") = "src", "src", "{86C0C184-D0FF-4BB6-BEEA-DEFD0513A9C1}"
EndProject
Project("{9A19103F-16F7-4668-BE54-9A1E7A4F7556}") = "ExcelApi", "src\ExcelApi\ExcelApi.csproj", "{0A97ED70-DE3E-4346-BA75-D6A010A3C751}"
EndProject
Global
	GlobalSection(SolutionConfigurationPlatforms) = preSolution
		Debug|Any CPU = Debug|Any CPU
		Release|Any CPU = Release|Any CPU
	EndGlobalSection
	GlobalSection(ProjectConfigurationPlatforms) = postSolution
		{0A97ED70-DE3E-4346-BA75-D6A010A3C751}.Debug|Any CPU.ActiveCfg = Debug|Any CPU
		{0A97ED70-DE3E-4346-BA75-D6A010A3C751}.Debug|Any CPU.Build.0 = Debug|Any CPU
		{0A97ED70-DE3E-4346-BA75-D6A010A3C751}.Release|Any CPU.ActiveCfg = Release|Any CPU
		{0A97ED70-DE3E-4346-BA75-D6A010A3C751}.Release|Any CPU.Build.0 = Release|Any CPU
	EndGlobalSection
	GlobalSection(SolutionProperties) = preSolution
		HideSolutionNode = FALSE
	EndGlobalSection
	GlobalSection(NestedProjects) = preSolution
		{0A97ED70-DE3E-4346-BA75-D6A010A3C751} = {86C0C184-D0FF-4BB6-BEEA-DEFD0513A9C1}
	EndGlobalSection
	GlobalSection(ExtensibilityGlobals) = postSolution
		SolutionGuid = {E2598F95-40D9-445D-8268-5F6C07CBB4BE}
	EndGlobalSection
EndGlobal
